
Microsoft Visual Studio Solution File, Format Version 12.00
# Visual Studio Version 17
VisualStudioVersion = 17.3.32804.467
MinimumVisualStudioVersion = 10.0.40219.1
Project("{FAE04EC0-301F-11D3-BF4B-00C04F79EFBC}") = "OtoGaleri", "OtoGaleri.csproj", "{3A0706EE-2895-46A6-B2BA-E7B8AC4611AE}"
EndProject
Global
	GlobalSection(SolutionConfigurationPlatforms) = preSolution
		Debug|Any CPU = Debug|Any CPU
		Release|Any CPU = Release|Any CPU
	EndGlobalSection
	GlobalSection(ProjectConfigurationPlatforms) = postSolution
		{3A0706EE-2895-46A6-B2BA-E7B8AC4611AE}.Debug|Any CPU.ActiveCfg = Debug|Any CPU
		{3A0706EE-2895-46A6-B2BA-E7B8AC4611AE}.Debug|Any CPU.Build.0 = Debug|Any CPU
		{3A0706EE-2895-46A6-B2BA-E7B8AC4611AE}.Release|Any CPU.ActiveCfg = Release|Any CPU
		{3A0706EE-2895-46A6-B2BA-E7B8AC4611AE}.Release|Any CPU.Build.0 = Release|Any CPU
	EndGlobalSection
	GlobalSection(SolutionProperties) = preSolution
		HideSolutionNode = FALSE
	EndGlobalSection
	GlobalSection(ExtensibilityGlobals) = postSolution
		SolutionGuid = {23508B2E-EAA6-4DDB-B549-6A0B6DCD175D}
	EndGlobalSection
EndGlobal
